// !$*UTF8*$!
{
	archiveVersion = 1;
	classes = {
	};
	objectVersion = 46;
	objects = {

/* Begin PBXBuildFile section */
		0C29FE20F48AE746A5358B83 /* Pods_WithShare_SwiftTests.framework in Frameworks */ = {isa = PBXBuildFile; fileRef = B9D5CE9F061DEF21578A18B8 /* Pods_WithShare_SwiftTests.framework */; };
		A417EF511D2B34020092CA52 /* ValidateUserInput.swift in Sources */ = {isa = PBXBuildFile; fileRef = A4E96FFF1D28A506000E4CDD /* ValidateUserInput.swift */; };
		A43C27A51D20858300BACEF1 /* CreateProfileViewController.swift in Sources */ = {isa = PBXBuildFile; fileRef = A43C27A41D20858300BACEF1 /* CreateProfileViewController.swift */; };
		A44DA6F81D234B5200E479D1 /* ActivityTypePopoverMenuViewController.swift in Sources */ = {isa = PBXBuildFile; fileRef = A44DA6EC1D234B5200E479D1 /* ActivityTypePopoverMenuViewController.swift */; };
		A44DA6F91D234B5200E479D1 /* AppDelegate.swift in Sources */ = {isa = PBXBuildFile; fileRef = A44DA6ED1D234B5200E479D1 /* AppDelegate.swift */; };
		A44DA6FA1D234B5200E479D1 /* Assets.xcassets in Resources */ = {isa = PBXBuildFile; fileRef = A44DA6EE1D234B5200E479D1 /* Assets.xcassets */; };
		A44DA6FB1D234B5200E479D1 /* Base.lproj in Resources */ = {isa = PBXBuildFile; fileRef = A44DA6EF1D234B5200E479D1 /* Base.lproj */; };
		A44DA6FC1D234B5200E479D1 /* GenderEnum.swift in Sources */ = {isa = PBXBuildFile; fileRef = A44DA6F01D234B5200E479D1 /* GenderEnum.swift */; };
		A44DA6FD1D234B5200E479D1 /* HideKeyboard.swift in Sources */ = {isa = PBXBuildFile; fileRef = A44DA6F11D234B5200E479D1 /* HideKeyboard.swift */; };
		A44DA6FE1D234B5200E479D1 /* LoginViewController.swift in Sources */ = {isa = PBXBuildFile; fileRef = A44DA6F21D234B5200E479D1 /* LoginViewController.swift */; };
		A44DA6FF1D234B5200E479D1 /* NewActivitiesTableViewController.swift in Sources */ = {isa = PBXBuildFile; fileRef = A44DA6F31D234B5200E479D1 /* NewActivitiesTableViewController.swift */; };
		A44DA7001D234B5200E479D1 /* RegistrationViewController.swift in Sources */ = {isa = PBXBuildFile; fileRef = A44DA6F41D234B5200E479D1 /* RegistrationViewController.swift */; };
		A44DA7011D234B5200E479D1 /* StringExtensions.swift in Sources */ = {isa = PBXBuildFile; fileRef = A44DA6F51D234B5200E479D1 /* StringExtensions.swift */; };
		A44DA7021D234B5200E479D1 /* UploadPhotoViewController.swift in Sources */ = {isa = PBXBuildFile; fileRef = A44DA6F61D234B5200E479D1 /* UploadPhotoViewController.swift */; };
		A44DA7031D234B5200E479D1 /* User.swift in Sources */ = {isa = PBXBuildFile; fileRef = A44DA6F71D234B5200E479D1 /* User.swift */; };
		A48070AA1D260F57005FB37B /* SelectActivityTypeMenu.swift in Sources */ = {isa = PBXBuildFile; fileRef = A48070A91D260F57005FB37B /* SelectActivityTypeMenu.swift */; };
		A48070AC1D2759D9005FB37B /* Post.swift in Sources */ = {isa = PBXBuildFile; fileRef = A48070AB1D2759D9005FB37B /* Post.swift */; };
		A48070AE1D275C18005FB37B /* DeviceTypeEnum.swift in Sources */ = {isa = PBXBuildFile; fileRef = A48070AD1D275C18005FB37B /* DeviceTypeEnum.swift */; };
		A4ACFDAA1D206BCA00200133 /* Main.storyboard in Resources */ = {isa = PBXBuildFile; fileRef = A4ACFDA81D206BCA00200133 /* Main.storyboard */; };
		A4ACFDAF1D206BCA00200133 /* LaunchScreen.storyboard in Resources */ = {isa = PBXBuildFile; fileRef = A4ACFDAD1D206BCA00200133 /* LaunchScreen.storyboard */; };
		A4ACFDBA1D206BCA00200133 /* WithShare_SwiftTests.swift in Sources */ = {isa = PBXBuildFile; fileRef = A4ACFDB91D206BCA00200133 /* WithShare_SwiftTests.swift */; };
		A4E970001D28A506000E4CDD /* ValidateUserInput.swift in Sources */ = {isa = PBXBuildFile; fileRef = A4E96FFF1D28A506000E4CDD /* ValidateUserInput.swift */; };
		A4F083541D24CAE400CB78B8 /* CreateActivityViewController.swift in Sources */ = {isa = PBXBuildFile; fileRef = A4F083531D24CAE400CB78B8 /* CreateActivityViewController.swift */; };
		BA3356744F8857F77F5FFAEE /* Pods_WithShare_Swift.framework in Frameworks */ = {isa = PBXBuildFile; fileRef = 22E23D9780DC231255BA2678 /* Pods_WithShare_Swift.framework */; };
/* End PBXBuildFile section */

/* Begin PBXContainerItemProxy section */
		A4ACFDB61D206BCA00200133 /* PBXContainerItemProxy */ = {
			isa = PBXContainerItemProxy;
			containerPortal = A4ACFD991D206BCA00200133 /* Project object */;
			proxyType = 1;
			remoteGlobalIDString = A4ACFDA01D206BCA00200133;
			remoteInfo = "WithShare-Swift";
		};
/* End PBXContainerItemProxy section */

/* Begin PBXFileReference section */
		22E23D9780DC231255BA2678 /* Pods_WithShare_Swift.framework */ = {isa = PBXFileReference; explicitFileType = wrapper.framework; includeInIndex = 0; path = Pods_WithShare_Swift.framework; sourceTree = BUILT_PRODUCTS_DIR; };
		2B43C6DA84A591FD64801770 /* Pods-WithShare-SwiftTests.release.xcconfig */ = {isa = PBXFileReference; includeInIndex = 1; lastKnownFileType = text.xcconfig; name = "Pods-WithShare-SwiftTests.release.xcconfig"; path = "Pods/Target Support Files/Pods-WithShare-SwiftTests/Pods-WithShare-SwiftTests.release.xcconfig"; sourceTree = "<group>"; };
		41F66E638C2EB8DA25E4658D /* Pods-WithShare-SwiftTests.debug.xcconfig */ = {isa = PBXFileReference; includeInIndex = 1; lastKnownFileType = text.xcconfig; name = "Pods-WithShare-SwiftTests.debug.xcconfig"; path = "Pods/Target Support Files/Pods-WithShare-SwiftTests/Pods-WithShare-SwiftTests.debug.xcconfig"; sourceTree = "<group>"; };
		683240BD42C667191B12ED70 /* Pods-WithShare-Swift.debug.xcconfig */ = {isa = PBXFileReference; includeInIndex = 1; lastKnownFileType = text.xcconfig; name = "Pods-WithShare-Swift.debug.xcconfig"; path = "Pods/Target Support Files/Pods-WithShare-Swift/Pods-WithShare-Swift.debug.xcconfig"; sourceTree = "<group>"; };
		A43C27A41D20858300BACEF1 /* CreateProfileViewController.swift */ = {isa = PBXFileReference; fileEncoding = 4; lastKnownFileType = sourcecode.swift; path = CreateProfileViewController.swift; sourceTree = "<group>"; };
		A44DA6EC1D234B5200E479D1 /* ActivityTypePopoverMenuViewController.swift */ = {isa = PBXFileReference; fileEncoding = 4; lastKnownFileType = sourcecode.swift; path = ActivityTypePopoverMenuViewController.swift; sourceTree = "<group>"; };
		A44DA6ED1D234B5200E479D1 /* AppDelegate.swift */ = {isa = PBXFileReference; fileEncoding = 4; lastKnownFileType = sourcecode.swift; name = AppDelegate.swift; path = "WithShare-Swift/AppDelegate.swift"; sourceTree = "<group>"; };
		A44DA6EE1D234B5200E479D1 /* Assets.xcassets */ = {isa = PBXFileReference; lastKnownFileType = folder.assetcatalog; name = Assets.xcassets; path = "WithShare-Swift/Assets.xcassets"; sourceTree = "<group>"; };
		A44DA6EF1D234B5200E479D1 /* Base.lproj */ = {isa = PBXFileReference; lastKnownFileType = folder; name = Base.lproj; path = "WithShare-Swift/Base.lproj"; sourceTree = "<group>"; };
		A44DA6F01D234B5200E479D1 /* GenderEnum.swift */ = {isa = PBXFileReference; fileEncoding = 4; lastKnownFileType = sourcecode.swift; path = GenderEnum.swift; sourceTree = "<group>"; };
		A44DA6F11D234B5200E479D1 /* HideKeyboard.swift */ = {isa = PBXFileReference; fileEncoding = 4; lastKnownFileType = sourcecode.swift; path = HideKeyboard.swift; sourceTree = "<group>"; };
		A44DA6F21D234B5200E479D1 /* LoginViewController.swift */ = {isa = PBXFileReference; fileEncoding = 4; lastKnownFileType = sourcecode.swift; path = LoginViewController.swift; sourceTree = "<group>"; };
		A44DA6F31D234B5200E479D1 /* NewActivitiesTableViewController.swift */ = {isa = PBXFileReference; fileEncoding = 4; lastKnownFileType = sourcecode.swift; path = NewActivitiesTableViewController.swift; sourceTree = "<group>"; };
		A44DA6F41D234B5200E479D1 /* RegistrationViewController.swift */ = {isa = PBXFileReference; fileEncoding = 4; lastKnownFileType = sourcecode.swift; path = RegistrationViewController.swift; sourceTree = "<group>"; };
		A44DA6F51D234B5200E479D1 /* StringExtensions.swift */ = {isa = PBXFileReference; fileEncoding = 4; lastKnownFileType = sourcecode.swift; path = StringExtensions.swift; sourceTree = "<group>"; };
		A44DA6F61D234B5200E479D1 /* UploadPhotoViewController.swift */ = {isa = PBXFileReference; fileEncoding = 4; lastKnownFileType = sourcecode.swift; path = UploadPhotoViewController.swift; sourceTree = "<group>"; };
		A44DA6F71D234B5200E479D1 /* User.swift */ = {isa = PBXFileReference; fileEncoding = 4; lastKnownFileType = sourcecode.swift; path = User.swift; sourceTree = "<group>"; };
		A48070A91D260F57005FB37B /* SelectActivityTypeMenu.swift */ = {isa = PBXFileReference; fileEncoding = 4; lastKnownFileType = sourcecode.swift; path = SelectActivityTypeMenu.swift; sourceTree = "<group>"; };
		A48070AB1D2759D9005FB37B /* Post.swift */ = {isa = PBXFileReference; fileEncoding = 4; lastKnownFileType = sourcecode.swift; path = Post.swift; sourceTree = "<group>"; };
		A48070AD1D275C18005FB37B /* DeviceTypeEnum.swift */ = {isa = PBXFileReference; fileEncoding = 4; lastKnownFileType = sourcecode.swift; path = DeviceTypeEnum.swift; sourceTree = "<group>"; };
		A4ACFDA11D206BCA00200133 /* WithShare-Swift.app */ = {isa = PBXFileReference; explicitFileType = wrapper.application; includeInIndex = 0; path = "WithShare-Swift.app"; sourceTree = BUILT_PRODUCTS_DIR; };
		A4ACFDA91D206BCA00200133 /* Base */ = {isa = PBXFileReference; lastKnownFileType = file.storyboard; name = Base; path = Base.lproj/Main.storyboard; sourceTree = "<group>"; };
		A4ACFDAE1D206BCA00200133 /* Base */ = {isa = PBXFileReference; lastKnownFileType = file.storyboard; name = Base; path = Base.lproj/LaunchScreen.storyboard; sourceTree = "<group>"; };
		A4ACFDB01D206BCA00200133 /* Info.plist */ = {isa = PBXFileReference; lastKnownFileType = text.plist.xml; name = Info.plist; path = "WithShare-Swift/Info.plist"; sourceTree = "<group>"; };
		A4ACFDB51D206BCA00200133 /* WithShare-SwiftTests.xctest */ = {isa = PBXFileReference; explicitFileType = wrapper.cfbundle; includeInIndex = 0; path = "WithShare-SwiftTests.xctest"; sourceTree = BUILT_PRODUCTS_DIR; };
		A4ACFDB91D206BCA00200133 /* WithShare_SwiftTests.swift */ = {isa = PBXFileReference; lastKnownFileType = sourcecode.swift; path = WithShare_SwiftTests.swift; sourceTree = "<group>"; };
		A4ACFDBB1D206BCA00200133 /* Info.plist */ = {isa = PBXFileReference; lastKnownFileType = text.plist.xml; path = Info.plist; sourceTree = "<group>"; };
		A4E96FFF1D28A506000E4CDD /* ValidateUserInput.swift */ = {isa = PBXFileReference; fileEncoding = 4; lastKnownFileType = sourcecode.swift; path = ValidateUserInput.swift; sourceTree = "<group>"; };
		A4F083531D24CAE400CB78B8 /* CreateActivityViewController.swift */ = {isa = PBXFileReference; fileEncoding = 4; lastKnownFileType = sourcecode.swift; path = CreateActivityViewController.swift; sourceTree = "<group>"; };
		B9D5CE9F061DEF21578A18B8 /* Pods_WithShare_SwiftTests.framework */ = {isa = PBXFileReference; explicitFileType = wrapper.framework; includeInIndex = 0; path = Pods_WithShare_SwiftTests.framework; sourceTree = BUILT_PRODUCTS_DIR; };
		C604F51E07391C3C81659F1A /* Pods-WithShare-Swift.release.xcconfig */ = {isa = PBXFileReference; includeInIndex = 1; lastKnownFileType = text.xcconfig; name = "Pods-WithShare-Swift.release.xcconfig"; path = "Pods/Target Support Files/Pods-WithShare-Swift/Pods-WithShare-Swift.release.xcconfig"; sourceTree = "<group>"; };
/* End PBXFileReference section */

/* Begin PBXFrameworksBuildPhase section */
		A4ACFD9E1D206BCA00200133 /* Frameworks */ = {
			isa = PBXFrameworksBuildPhase;
			buildActionMask = 2147483647;
			files = (
				BA3356744F8857F77F5FFAEE /* Pods_WithShare_Swift.framework in Frameworks */,
			);
			runOnlyForDeploymentPostprocessing = 0;
		};
		A4ACFDB21D206BCA00200133 /* Frameworks */ = {
			isa = PBXFrameworksBuildPhase;
			buildActionMask = 2147483647;
			files = (
				0C29FE20F48AE746A5358B83 /* Pods_WithShare_SwiftTests.framework in Frameworks */,
			);
			runOnlyForDeploymentPostprocessing = 0;
		};
/* End PBXFrameworksBuildPhase section */

/* Begin PBXGroup section */
		6037AF46CAED76438ADC3EE3 /* Frameworks */ = {
			isa = PBXGroup;
			children = (
				22E23D9780DC231255BA2678 /* Pods_WithShare_Swift.framework */,
				B9D5CE9F061DEF21578A18B8 /* Pods_WithShare_SwiftTests.framework */,
			);
			name = Frameworks;
			sourceTree = "<group>";
		};
		A43C279F1D206F0E00BACEF1 /* View Controllers */ = {
			isa = PBXGroup;
			children = (
				A44DA6F21D234B5200E479D1 /* LoginViewController.swift */,
				A43C27A31D207E5300BACEF1 /* Activites */,
				A43C27A11D207E2400BACEF1 /* Onboarding */,
			);
			name = "View Controllers";
			sourceTree = "<group>";
		};
		A43C27A01D206F1C00BACEF1 /* Utilities */ = {
			isa = PBXGroup;
			children = (
				A44DA6F51D234B5200E479D1 /* StringExtensions.swift */,
				A44DA6F01D234B5200E479D1 /* GenderEnum.swift */,
				A44DA6F11D234B5200E479D1 /* HideKeyboard.swift */,
				A48070AD1D275C18005FB37B /* DeviceTypeEnum.swift */,
				A4E96FFF1D28A506000E4CDD /* ValidateUserInput.swift */,
			);
			name = Utilities;
			sourceTree = "<group>";
		};
		A43C27A11D207E2400BACEF1 /* Onboarding */ = {
			isa = PBXGroup;
			children = (
				A43C27A41D20858300BACEF1 /* CreateProfileViewController.swift */,
				A44DA6F41D234B5200E479D1 /* RegistrationViewController.swift */,
				A44DA6F61D234B5200E479D1 /* UploadPhotoViewController.swift */,
			);
			name = Onboarding;
			sourceTree = "<group>";
		};
		A43C27A21D207E3F00BACEF1 /* Models */ = {
			isa = PBXGroup;
			children = (
				A44DA6F71D234B5200E479D1 /* User.swift */,
				A48070AB1D2759D9005FB37B /* Post.swift */,
			);
			name = Models;
			sourceTree = "<group>";
		};
		A43C27A31D207E5300BACEF1 /* Activites */ = {
			isa = PBXGroup;
			children = (
				A48070A91D260F57005FB37B /* SelectActivityTypeMenu.swift */,
				A4F083531D24CAE400CB78B8 /* CreateActivityViewController.swift */,
				A44DA6F31D234B5200E479D1 /* NewActivitiesTableViewController.swift */,
				A44DA6EC1D234B5200E479D1 /* ActivityTypePopoverMenuViewController.swift */,
			);
			name = Activites;
			sourceTree = "<group>";
		};
		A4ACFD981D206BCA00200133 = {
			isa = PBXGroup;
			children = (
				A44DA6ED1D234B5200E479D1 /* AppDelegate.swift */,
				A44DA6EE1D234B5200E479D1 /* Assets.xcassets */,
				A4ACFDA81D206BCA00200133 /* Main.storyboard */,
				A4ACFDAD1D206BCA00200133 /* LaunchScreen.storyboard */,
				A4ACFDB01D206BCA00200133 /* Info.plist */,
				A44DA6EF1D234B5200E479D1 /* Base.lproj */,
				A4ACFDA31D206BCA00200133 /* WithShare-Swift */,
				A4ACFDB81D206BCA00200133 /* WithShare-SwiftTests */,
				A4ACFDA21D206BCA00200133 /* Products */,
				C950328C750005F59282BFC7 /* Pods */,
				6037AF46CAED76438ADC3EE3 /* Frameworks */,
			);
			sourceTree = "<group>";
		};
		A4ACFDA21D206BCA00200133 /* Products */ = {
			isa = PBXGroup;
			children = (
				A4ACFDA11D206BCA00200133 /* WithShare-Swift.app */,
				A4ACFDB51D206BCA00200133 /* WithShare-SwiftTests.xctest */,
			);
			name = Products;
			sourceTree = "<group>";
		};
		A4ACFDA31D206BCA00200133 /* WithShare-Swift */ = {
			isa = PBXGroup;
			children = (
				A43C27A21D207E3F00BACEF1 /* Models */,
				A43C27A01D206F1C00BACEF1 /* Utilities */,
				A43C279F1D206F0E00BACEF1 /* View Controllers */,
			);
			path = "WithShare-Swift";
			sourceTree = "<group>";
		};
		A4ACFDB81D206BCA00200133 /* WithShare-SwiftTests */ = {
			isa = PBXGroup;
			children = (
				A4ACFDB91D206BCA00200133 /* WithShare_SwiftTests.swift */,
				A4ACFDBB1D206BCA00200133 /* Info.plist */,
			);
			path = "WithShare-SwiftTests";
			sourceTree = "<group>";
		};
		C950328C750005F59282BFC7 /* Pods */ = {
			isa = PBXGroup;
			children = (
				683240BD42C667191B12ED70 /* Pods-WithShare-Swift.debug.xcconfig */,
				C604F51E07391C3C81659F1A /* Pods-WithShare-Swift.release.xcconfig */,
				41F66E638C2EB8DA25E4658D /* Pods-WithShare-SwiftTests.debug.xcconfig */,
				2B43C6DA84A591FD64801770 /* Pods-WithShare-SwiftTests.release.xcconfig */,
			);
			name = Pods;
			sourceTree = "<group>";
		};
/* End PBXGroup section */

/* Begin PBXNativeTarget section */
		A4ACFDA01D206BCA00200133 /* WithShare-Swift */ = {
			isa = PBXNativeTarget;
			buildConfigurationList = A4ACFDBE1D206BCA00200133 /* Build configuration list for PBXNativeTarget "WithShare-Swift" */;
			buildPhases = (
				F6BC08E9687C08DCCF7A396A /* [CP] Check Pods Manifest.lock */,
				A4ACFD9D1D206BCA00200133 /* Sources */,
				A4ACFD9E1D206BCA00200133 /* Frameworks */,
				A4ACFD9F1D206BCA00200133 /* Resources */,
				F7895409F5FBE00CA0C4ED5B /* [CP] Embed Pods Frameworks */,
				DAF74EE6EB21C341C567E8A9 /* [CP] Copy Pods Resources */,
			);
			buildRules = (
			);
			dependencies = (
			);
			name = "WithShare-Swift";
			productName = "WithShare-Swift";
			productReference = A4ACFDA11D206BCA00200133 /* WithShare-Swift.app */;
			productType = "com.apple.product-type.application";
		};
		A4ACFDB41D206BCA00200133 /* WithShare-SwiftTests */ = {
			isa = PBXNativeTarget;
			buildConfigurationList = A4ACFDC11D206BCA00200133 /* Build configuration list for PBXNativeTarget "WithShare-SwiftTests" */;
			buildPhases = (
				A19A9C767DC9C83B3BFD10CB /* [CP] Check Pods Manifest.lock */,
				A4ACFDB11D206BCA00200133 /* Sources */,
				A4ACFDB21D206BCA00200133 /* Frameworks */,
				A4ACFDB31D206BCA00200133 /* Resources */,
				E6E5FBCC2035EC9ED28F5DEC /* [CP] Embed Pods Frameworks */,
				D5A289CF09E9413011BCE8A6 /* [CP] Copy Pods Resources */,
			);
			buildRules = (
			);
			dependencies = (
				A4ACFDB71D206BCA00200133 /* PBXTargetDependency */,
			);
			name = "WithShare-SwiftTests";
			productName = "WithShare-SwiftTests";
			productReference = A4ACFDB51D206BCA00200133 /* WithShare-SwiftTests.xctest */;
			productType = "com.apple.product-type.bundle.unit-test";
		};
/* End PBXNativeTarget section */

/* Begin PBXProject section */
		A4ACFD991D206BCA00200133 /* Project object */ = {
			isa = PBXProject;
			attributes = {
				LastSwiftUpdateCheck = 0730;
				LastUpgradeCheck = 0730;
				ORGANIZATIONNAME = "Jiawei Chen";
				TargetAttributes = {
					A4ACFDA01D206BCA00200133 = {
						CreatedOnToolsVersion = 7.3.1;
						DevelopmentTeam = J767EA589G;
					};
					A4ACFDB41D206BCA00200133 = {
						CreatedOnToolsVersion = 7.3.1;
						TestTargetID = A4ACFDA01D206BCA00200133;
					};
				};
			};
			buildConfigurationList = A4ACFD9C1D206BCA00200133 /* Build configuration list for PBXProject "WithShare-Swift" */;
			compatibilityVersion = "Xcode 3.2";
			developmentRegion = English;
			hasScannedForEncodings = 0;
			knownRegions = (
				en,
				Base,
			);
			mainGroup = A4ACFD981D206BCA00200133;
			productRefGroup = A4ACFDA21D206BCA00200133 /* Products */;
			projectDirPath = "";
			projectRoot = "";
			targets = (
				A4ACFDA01D206BCA00200133 /* WithShare-Swift */,
				A4ACFDB41D206BCA00200133 /* WithShare-SwiftTests */,
			);
		};
/* End PBXProject section */

/* Begin PBXResourcesBuildPhase section */
		A4ACFD9F1D206BCA00200133 /* Resources */ = {
			isa = PBXResourcesBuildPhase;
			buildActionMask = 2147483647;
			files = (
				A4ACFDAF1D206BCA00200133 /* LaunchScreen.storyboard in Resources */,
				A44DA6FB1D234B5200E479D1 /* Base.lproj in Resources */,
				A44DA6FA1D234B5200E479D1 /* Assets.xcassets in Resources */,
				A4ACFDAA1D206BCA00200133 /* Main.storyboard in Resources */,
			);
			runOnlyForDeploymentPostprocessing = 0;
		};
		A4ACFDB31D206BCA00200133 /* Resources */ = {
			isa = PBXResourcesBuildPhase;
			buildActionMask = 2147483647;
			files = (
			);
			runOnlyForDeploymentPostprocessing = 0;
		};
/* End PBXResourcesBuildPhase section */

/* Begin PBXShellScriptBuildPhase section */
		A19A9C767DC9C83B3BFD10CB /* [CP] Check Pods Manifest.lock */ = {
			isa = PBXShellScriptBuildPhase;
			buildActionMask = 2147483647;
			files = (
			);
			inputPaths = (
			);
			name = "[CP] Check Pods Manifest.lock";
			outputPaths = (
			);
			runOnlyForDeploymentPostprocessing = 0;
			shellPath = /bin/sh;
			shellScript = "diff \"${PODS_ROOT}/../Podfile.lock\" \"${PODS_ROOT}/Manifest.lock\" > /dev/null\nif [[ $? != 0 ]] ; then\n    cat << EOM\nerror: The sandbox is not in sync with the Podfile.lock. Run 'pod install' or update your CocoaPods installation.\nEOM\n    exit 1\nfi\n";
			showEnvVarsInLog = 0;
		};
		D5A289CF09E9413011BCE8A6 /* [CP] Copy Pods Resources */ = {
			isa = PBXShellScriptBuildPhase;
			buildActionMask = 2147483647;
			files = (
			);
			inputPaths = (
			);
			name = "[CP] Copy Pods Resources";
			outputPaths = (
			);
			runOnlyForDeploymentPostprocessing = 0;
			shellPath = /bin/sh;
			shellScript = "\"${SRCROOT}/Pods/Target Support Files/Pods-WithShare-SwiftTests/Pods-WithShare-SwiftTests-resources.sh\"\n";
			showEnvVarsInLog = 0;
		};
		DAF74EE6EB21C341C567E8A9 /* [CP] Copy Pods Resources */ = {
			isa = PBXShellScriptBuildPhase;
			buildActionMask = 2147483647;
			files = (
			);
			inputPaths = (
			);
			name = "[CP] Copy Pods Resources";
			outputPaths = (
			);
			runOnlyForDeploymentPostprocessing = 0;
			shellPath = /bin/sh;
			shellScript = "\"${SRCROOT}/Pods/Target Support Files/Pods-WithShare-Swift/Pods-WithShare-Swift-resources.sh\"\n";
			showEnvVarsInLog = 0;
		};
		E6E5FBCC2035EC9ED28F5DEC /* [CP] Embed Pods Frameworks */ = {
			isa = PBXShellScriptBuildPhase;
			buildActionMask = 2147483647;
			files = (
			);
			inputPaths = (
			);
			name = "[CP] Embed Pods Frameworks";
			outputPaths = (
			);
			runOnlyForDeploymentPostprocessing = 0;
			shellPath = /bin/sh;
			shellScript = "\"${SRCROOT}/Pods/Target Support Files/Pods-WithShare-SwiftTests/Pods-WithShare-SwiftTests-frameworks.sh\"\n";
			showEnvVarsInLog = 0;
		};
		F6BC08E9687C08DCCF7A396A /* [CP] Check Pods Manifest.lock */ = {
			isa = PBXShellScriptBuildPhase;
			buildActionMask = 2147483647;
			files = (
			);
			inputPaths = (
			);
			name = "[CP] Check Pods Manifest.lock";
			outputPaths = (
			);
			runOnlyForDeploymentPostprocessing = 0;
			shellPath = /bin/sh;
			shellScript = "diff \"${PODS_ROOT}/../Podfile.lock\" \"${PODS_ROOT}/Manifest.lock\" > /dev/null\nif [[ $? != 0 ]] ; then\n    cat << EOM\nerror: The sandbox is not in sync with the Podfile.lock. Run 'pod install' or update your CocoaPods installation.\nEOM\n    exit 1\nfi\n";
			showEnvVarsInLog = 0;
		};
		F7895409F5FBE00CA0C4ED5B /* [CP] Embed Pods Frameworks */ = {
			isa = PBXShellScriptBuildPhase;
			buildActionMask = 2147483647;
			files = (
			);
			inputPaths = (
			);
			name = "[CP] Embed Pods Frameworks";
			outputPaths = (
			);
			runOnlyForDeploymentPostprocessing = 0;
			shellPath = /bin/sh;
			shellScript = "\"${SRCROOT}/Pods/Target Support Files/Pods-WithShare-Swift/Pods-WithShare-Swift-frameworks.sh\"\n";
			showEnvVarsInLog = 0;
		};
/* End PBXShellScriptBuildPhase section */

/* Begin PBXSourcesBuildPhase section */
		A4ACFD9D1D206BCA00200133 /* Sources */ = {
			isa = PBXSourcesBuildPhase;
			buildActionMask = 2147483647;
			files = (
				A44DA6FC1D234B5200E479D1 /* GenderEnum.swift in Sources */,
				A4F083541D24CAE400CB78B8 /* CreateActivityViewController.swift in Sources */,
				A44DA7021D234B5200E479D1 /* UploadPhotoViewController.swift in Sources */,
				A43C27A51D20858300BACEF1 /* CreateProfileViewController.swift in Sources */,
				A44DA6FF1D234B5200E479D1 /* NewActivitiesTableViewController.swift in Sources */,
				A48070AC1D2759D9005FB37B /* Post.swift in Sources */,
				A44DA6F91D234B5200E479D1 /* AppDelegate.swift in Sources */,
				A44DA6FD1D234B5200E479D1 /* HideKeyboard.swift in Sources */,
				A48070AE1D275C18005FB37B /* DeviceTypeEnum.swift in Sources */,
				A44DA7001D234B5200E479D1 /* RegistrationViewController.swift in Sources */,
				A44DA6F81D234B5200E479D1 /* ActivityTypePopoverMenuViewController.swift in Sources */,
				A4E970001D28A506000E4CDD /* ValidateUserInput.swift in Sources */,
				A48070AA1D260F57005FB37B /* SelectActivityTypeMenu.swift in Sources */,
				A44DA6FE1D234B5200E479D1 /* LoginViewController.swift in Sources */,
				A44DA7011D234B5200E479D1 /* StringExtensions.swift in Sources */,
				A44DA7031D234B5200E479D1 /* User.swift in Sources */,
			);
			runOnlyForDeploymentPostprocessing = 0;
		};
		A4ACFDB11D206BCA00200133 /* Sources */ = {
			isa = PBXSourcesBuildPhase;
			buildActionMask = 2147483647;
			files = (
				A4ACFDBA1D206BCA00200133 /* WithShare_SwiftTests.swift in Sources */,
				A417EF511D2B34020092CA52 /* ValidateUserInput.swift in Sources */,
			);
			runOnlyForDeploymentPostprocessing = 0;
		};
/* End PBXSourcesBuildPhase section */

/* Begin PBXTargetDependency section */
		A4ACFDB71D206BCA00200133 /* PBXTargetDependency */ = {
			isa = PBXTargetDependency;
			target = A4ACFDA01D206BCA00200133 /* WithShare-Swift */;
			targetProxy = A4ACFDB61D206BCA00200133 /* PBXContainerItemProxy */;
		};
/* End PBXTargetDependency section */

/* Begin PBXVariantGroup section */
		A4ACFDA81D206BCA00200133 /* Main.storyboard */ = {
			isa = PBXVariantGroup;
			children = (
				A4ACFDA91D206BCA00200133 /* Base */,
			);
			name = Main.storyboard;
			path = "WithShare-Swift";
			sourceTree = "<group>";
		};
		A4ACFDAD1D206BCA00200133 /* LaunchScreen.storyboard */ = {
			isa = PBXVariantGroup;
			children = (
				A4ACFDAE1D206BCA00200133 /* Base */,
			);
			name = LaunchScreen.storyboard;
			path = "WithShare-Swift";
			sourceTree = "<group>";
		};
/* End PBXVariantGroup section */

/* Begin XCBuildConfiguration section */
		A4ACFDBC1D206BCA00200133 /* Debug */ = {
			isa = XCBuildConfiguration;
			buildSettings = {
				ALWAYS_SEARCH_USER_PATHS = NO;
				CLANG_ANALYZER_NONNULL = YES;
				CLANG_CXX_LANGUAGE_STANDARD = "gnu++0x";
				CLANG_CXX_LIBRARY = "libc++";
				CLANG_ENABLE_MODULES = YES;
				CLANG_ENABLE_OBJC_ARC = YES;
				CLANG_WARN_BOOL_CONVERSION = YES;
				CLANG_WARN_CONSTANT_CONVERSION = YES;
				CLANG_WARN_DIRECT_OBJC_ISA_USAGE = YES_ERROR;
				CLANG_WARN_EMPTY_BODY = YES;
				CLANG_WARN_ENUM_CONVERSION = YES;
				CLANG_WARN_INT_CONVERSION = YES;
				CLANG_WARN_OBJC_ROOT_CLASS = YES_ERROR;
				CLANG_WARN_UNREACHABLE_CODE = YES;
				CLANG_WARN__DUPLICATE_METHOD_MATCH = YES;
				"CODE_SIGN_IDENTITY[sdk=iphoneos*]" = "iPhone Developer";
				COPY_PHASE_STRIP = NO;
				DEBUG_INFORMATION_FORMAT = dwarf;
				ENABLE_STRICT_OBJC_MSGSEND = YES;
				ENABLE_TESTABILITY = YES;
				GCC_C_LANGUAGE_STANDARD = gnu99;
				GCC_DYNAMIC_NO_PIC = NO;
				GCC_NO_COMMON_BLOCKS = YES;
				GCC_OPTIMIZATION_LEVEL = 0;
				GCC_PREPROCESSOR_DEFINITIONS = (
					"DEBUG=1",
					"$(inherited)",
				);
				GCC_WARN_64_TO_32_BIT_CONVERSION = YES;
				GCC_WARN_ABOUT_RETURN_TYPE = YES_ERROR;
				GCC_WARN_UNDECLARED_SELECTOR = YES;
				GCC_WARN_UNINITIALIZED_AUTOS = YES_AGGRESSIVE;
				GCC_WARN_UNUSED_FUNCTION = YES;
				GCC_WARN_UNUSED_VARIABLE = YES;
				IPHONEOS_DEPLOYMENT_TARGET = 9.3;
				MTL_ENABLE_DEBUG_INFO = YES;
				ONLY_ACTIVE_ARCH = YES;
				SDKROOT = iphoneos;
				SWIFT_OPTIMIZATION_LEVEL = "-Onone";
				TARGETED_DEVICE_FAMILY = "1,2";
			};
			name = Debug;
		};
		A4ACFDBD1D206BCA00200133 /* Release */ = {
			isa = XCBuildConfiguration;
			buildSettings = {
				ALWAYS_SEARCH_USER_PATHS = NO;
				CLANG_ANALYZER_NONNULL = YES;
				CLANG_CXX_LANGUAGE_STANDARD = "gnu++0x";
				CLANG_CXX_LIBRARY = "libc++";
				CLANG_ENABLE_MODULES = YES;
				CLANG_ENABLE_OBJC_ARC = YES;
				CLANG_WARN_BOOL_CONVERSION = YES;
				CLANG_WARN_CONSTANT_CONVERSION = YES;
				CLANG_WARN_DIRECT_OBJC_ISA_USAGE = YES_ERROR;
				CLANG_WARN_EMPTY_BODY = YES;
				CLANG_WARN_ENUM_CONVERSION = YES;
				CLANG_WARN_INT_CONVERSION = YES;
				CLANG_WARN_OBJC_ROOT_CLASS = YES_ERROR;
				CLANG_WARN_UNREACHABLE_CODE = YES;
				CLANG_WARN__DUPLICATE_METHOD_MATCH = YES;
				"CODE_SIGN_IDENTITY[sdk=iphoneos*]" = "iPhone Developer";
				COPY_PHASE_STRIP = NO;
				DEBUG_INFORMATION_FORMAT = "dwarf-with-dsym";
				ENABLE_NS_ASSERTIONS = NO;
				ENABLE_STRICT_OBJC_MSGSEND = YES;
				GCC_C_LANGUAGE_STANDARD = gnu99;
				GCC_NO_COMMON_BLOCKS = YES;
				GCC_WARN_64_TO_32_BIT_CONVERSION = YES;
				GCC_WARN_ABOUT_RETURN_TYPE = YES_ERROR;
				GCC_WARN_UNDECLARED_SELECTOR = YES;
				GCC_WARN_UNINITIALIZED_AUTOS = YES_AGGRESSIVE;
				GCC_WARN_UNUSED_FUNCTION = YES;
				GCC_WARN_UNUSED_VARIABLE = YES;
				IPHONEOS_DEPLOYMENT_TARGET = 9.3;
				MTL_ENABLE_DEBUG_INFO = NO;
				SDKROOT = iphoneos;
				TARGETED_DEVICE_FAMILY = "1,2";
				VALIDATE_PRODUCT = YES;
			};
			name = Release;
		};
		A4ACFDBF1D206BCA00200133 /* Debug */ = {
			isa = XCBuildConfiguration;
			baseConfigurationReference = 683240BD42C667191B12ED70 /* Pods-WithShare-Swift.debug.xcconfig */;
			buildSettings = {
				ASSETCATALOG_COMPILER_APPICON_NAME = AppIcon;
				CODE_SIGN_IDENTITY = "iPhone Developer";
				"CODE_SIGN_IDENTITY[sdk=iphoneos*]" = "iPhone Developer";
				INFOPLIST_FILE = "WithShare-Swift/Info.plist";
				LD_RUNPATH_SEARCH_PATHS = "$(inherited) @executable_path/Frameworks";
				PRODUCT_BUNDLE_IDENTIFIER = "edu.psu.ist.WithShare-Swift";
				PRODUCT_NAME = "$(TARGET_NAME)";
				PROVISIONING_PROFILE = "";
			};
			name = Debug;
		};
		A4ACFDC01D206BCA00200133 /* Release */ = {
			isa = XCBuildConfiguration;
			baseConfigurationReference = C604F51E07391C3C81659F1A /* Pods-WithShare-Swift.release.xcconfig */;
			buildSettings = {
				ASSETCATALOG_COMPILER_APPICON_NAME = AppIcon;
				CODE_SIGN_IDENTITY = "iPhone Developer";
				"CODE_SIGN_IDENTITY[sdk=iphoneos*]" = "iPhone Developer";
				INFOPLIST_FILE = "WithShare-Swift/Info.plist";
				LD_RUNPATH_SEARCH_PATHS = "$(inherited) @executable_path/Frameworks";
				PRODUCT_BUNDLE_IDENTIFIER = "edu.psu.ist.WithShare-Swift";
				PRODUCT_NAME = "$(TARGET_NAME)";
				PROVISIONING_PROFILE = "";
			};
			name = Release;
		};
		A4ACFDC21D206BCA00200133 /* Debug */ = {
			isa = XCBuildConfiguration;
			baseConfigurationReference = 41F66E638C2EB8DA25E4658D /* Pods-WithShare-SwiftTests.debug.xcconfig */;
			buildSettings = {
				BUNDLE_LOADER = "$(TEST_HOST)";
				INFOPLIST_FILE = "WithShare-SwiftTests/Info.plist";
				LD_RUNPATH_SEARCH_PATHS = "$(inherited) @executable_path/Frameworks @loader_path/Frameworks";
				PRODUCT_BUNDLE_IDENTIFIER = "edu.psu.ist.WithShare-SwiftTests";
				PRODUCT_NAME = "$(TARGET_NAME)";
				TEST_HOST = "$(BUILT_PRODUCTS_DIR)/WithShare-Swift.app/WithShare-Swift";
			};
			name = Debug;
		};
		A4ACFDC31D206BCA00200133 /* Release */ = {
			isa = XCBuildConfiguration;
			baseConfigurationReference = 2B43C6DA84A591FD64801770 /* Pods-WithShare-SwiftTests.release.xcconfig */;
			buildSettings = {
				BUNDLE_LOADER = "$(TEST_HOST)";
				INFOPLIST_FILE = "WithShare-SwiftTests/Info.plist";
				LD_RUNPATH_SEARCH_PATHS = "$(inherited) @executable_path/Frameworks @loader_path/Frameworks";
				PRODUCT_BUNDLE_IDENTIFIER = "edu.psu.ist.WithShare-SwiftTests";
				PRODUCT_NAME = "$(TARGET_NAME)";
				TEST_HOST = "$(BUILT_PRODUCTS_DIR)/WithShare-Swift.app/WithShare-Swift";
			};
			name = Release;
		};
/* End XCBuildConfiguration section */

/* Begin XCConfigurationList section */
		A4ACFD9C1D206BCA00200133 /* Build configuration list for PBXProject "WithShare-Swift" */ = {
			isa = XCConfigurationList;
			buildConfigurations = (
				A4ACFDBC1D206BCA00200133 /* Debug */,
				A4ACFDBD1D206BCA00200133 /* Release */,
			);
			defaultConfigurationIsVisible = 0;
			defaultConfigurationName = Release;
		};
		A4ACFDBE1D206BCA00200133 /* Build configuration list for PBXNativeTarget "WithShare-Swift" */ = {
			isa = XCConfigurationList;
			buildConfigurations = (
				A4ACFDBF1D206BCA00200133 /* Debug */,
				A4ACFDC01D206BCA00200133 /* Release */,
			);
			defaultConfigurationIsVisible = 0;
			defaultConfigurationName = Release;
		};
		A4ACFDC11D206BCA00200133 /* Build configuration list for PBXNativeTarget "WithShare-SwiftTests" */ = {
			isa = XCConfigurationList;
			buildConfigurations = (
				A4ACFDC21D206BCA00200133 /* Debug */,
				A4ACFDC31D206BCA00200133 /* Release */,
			);
			defaultConfigurationIsVisible = 0;
			defaultConfigurationName = Release;
		};
/* End XCConfigurationList section */
	};
	rootObject = A4ACFD991D206BCA00200133 /* Project object */;
}
